
Microsoft Visual Studio Solution File, Format Version 12.00
# Visual Studio 15
VisualStudioVersion = 15.0.26730.12
MinimumVisualStudioVersion = 10.0.40219.1
Project("{FAE04EC0-301F-11D3-BF4B-00C04F79EFBC}") = "CheatingKeyboardSimulator", "CheatingKeyboardSimulator\CheatingKeyboardSimulator.csproj", "{B0181EF8-AF5A-46EF-BF47-D8054E077334}"
EndProject
Project("{FAE04EC0-301F-11D3-BF4B-00C04F79EFBC}") = "Yandex.Speller.Api", "Yandex.Speller.Api\Yandex.Speller.Api.csproj", "{459F6A84-441D-4327-8A7B-1A1989AA02D5}"
EndProject
Global
	GlobalSection(SolutionConfigurationPlatforms) = preSolution
		Debug|Any CPU = Debug|Any CPU
		Release|Any CPU = Release|Any CPU
	EndGlobalSection
	GlobalSection(ProjectConfigurationPlatforms) = postSolution
		{B0181EF8-AF5A-46EF-BF47-D8054E077334}.Debug|Any CPU.ActiveCfg = Debug|Any CPU
		{B0181EF8-AF5A-46EF-BF47-D8054E077334}.Debug|Any CPU.Build.0 = Debug|Any CPU
		{B0181EF8-AF5A-46EF-BF47-D8054E077334}.Release|Any CPU.ActiveCfg = Release|Any CPU
		{B0181EF8-AF5A-46EF-BF47-D8054E077334}.Release|Any CPU.Build.0 = Release|Any CPU
		{459F6A84-441D-4327-8A7B-1A1989AA02D5}.Debug|Any CPU.ActiveCfg = Debug|Any CPU
		{459F6A84-441D-4327-8A7B-1A1989AA02D5}.Debug|Any CPU.Build.0 = Debug|Any CPU
		{459F6A84-441D-4327-8A7B-1A1989AA02D5}.Release|Any CPU.ActiveCfg = Release|Any CPU
		{459F6A84-441D-4327-8A7B-1A1989AA02D5}.Release|Any CPU.Build.0 = Release|Any CPU
	EndGlobalSection
	GlobalSection(SolutionProperties) = preSolution
		HideSolutionNode = FALSE
	EndGlobalSection
	GlobalSection(ExtensibilityGlobals) = postSolution
		SolutionGuid = {133BA4E8-34DC-4F77-9707-BCD6F98EBDEE}
	EndGlobalSection
EndGlobal
